<Solution>
  <Folder Name="/src/">
    <Project Path="src/ChurchFlow.Api/ChurchFlow.Api.csproj" />
    <Project Path="src/ChurchFlow.Application/ChurchFlow.Application.csproj" />
    <Project Path="src/ChurchFlow.Domain/ChurchFlow.Domain.csproj" />
    <Project Path="src/ChurchFlow.Infrastructure/ChurchFlow.Infrastructure.csproj" />
  </Folder>
  <Folder Name="/tests/">
    <Project Path="tests/ChurchFlow.Tests/ChurchFlow.Tests.csproj" />
  </Folder>
</Solution>
